// !$*UTF8*$!
{
	archiveVersion = 1;
	classes = {
	};
	objectVersion = 46;
	objects = {

/* Begin PBXBuildFile section */
		8470235D163EC2E400D4B2AE /* UIKit.framework in Frameworks */ = {isa = PBXBuildFile; fileRef = 8470235C163EC2E400D4B2AE /* UIKit.framework */; };
		8470235F163EC2E400D4B2AE /* Foundation.framework in Frameworks */ = {isa = PBXBuildFile; fileRef = 8470235E163EC2E400D4B2AE /* Foundation.framework */; };
		84702361163EC2E400D4B2AE /* CoreGraphics.framework in Frameworks */ = {isa = PBXBuildFile; fileRef = 84702360163EC2E400D4B2AE /* CoreGraphics.framework */; };
		847266041640D1BB0067F683 /* main.m in Sources */ = {isa = PBXBuildFile; fileRef = 847265F81640D1BB0067F683 /* main.m */; };
		847266051640D1BB0067F683 /* PHLGrowingTextView.m in Sources */ = {isa = PBXBuildFile; fileRef = 847265FA1640D1BB0067F683 /* PHLGrowingTextView.m */; };
		847266061640D1BB0067F683 /* ViewController.m in Sources */ = {isa = PBXBuildFile; fileRef = 847265FC1640D1BB0067F683 /* ViewController.m */; };
		847266071640D1BB0067F683 /* AppDelegate.m in Sources */ = {isa = PBXBuildFile; fileRef = 847265FE1640D1BB0067F683 /* AppDelegate.m */; };
		847266081640D1BB0067F683 /* textbox@2x.png in Resources */ = {isa = PBXBuildFile; fileRef = 847265FF1640D1BB0067F683 /* textbox@2x.png */; };
		847266091640D1BB0067F683 /* textbox.png in Resources */ = {isa = PBXBuildFile; fileRef = 847266001640D1BB0067F683 /* textbox.png */; };
		8472660A1640D1BB0067F683 /* Default-568h@2x.png in Resources */ = {isa = PBXBuildFile; fileRef = 847266011640D1BB0067F683 /* Default-568h@2x.png */; };
		8472660B1640D1BB0067F683 /* Default.png in Resources */ = {isa = PBXBuildFile; fileRef = 847266021640D1BB0067F683 /* Default.png */; };
		8472660C1640D1BB0067F683 /* Default@2x.png in Resources */ = {isa = PBXBuildFile; fileRef = 847266031640D1BB0067F683 /* Default@2x.png */; };
		8472660E1640D1E10067F683 /* Growing UITextView-Info.plist in Resources */ = {isa = PBXBuildFile; fileRef = 8472660D1640D1E10067F683 /* Growing UITextView-Info.plist */; };
		847266141640D36F0067F683 /* InfoPlist.strings in Resources */ = {isa = PBXBuildFile; fileRef = 847266101640D36F0067F683 /* InfoPlist.strings */; };
		847266151640D36F0067F683 /* ViewController.xib in Resources */ = {isa = PBXBuildFile; fileRef = 847266121640D36F0067F683 /* ViewController.xib */; };
/* End PBXBuildFile section */

/* Begin PBXFileReference section */
		84702358163EC2E400D4B2AE /* Growing UITextView.app */ = {isa = PBXFileReference; explicitFileType = wrapper.application; includeInIndex = 0; path = "Growing UITextView.app"; sourceTree = BUILT_PRODUCTS_DIR; };
		8470235C163EC2E400D4B2AE /* UIKit.framework */ = {isa = PBXFileReference; lastKnownFileType = wrapper.framework; name = UIKit.framework; path = System/Library/Frameworks/UIKit.framework; sourceTree = SDKROOT; };
		8470235E163EC2E400D4B2AE /* Foundation.framework */ = {isa = PBXFileReference; lastKnownFileType = wrapper.framework; name = Foundation.framework; path = System/Library/Frameworks/Foundation.framework; sourceTree = SDKROOT; };
		84702360163EC2E400D4B2AE /* CoreGraphics.framework */ = {isa = PBXFileReference; lastKnownFileType = wrapper.framework; name = CoreGraphics.framework; path = System/Library/Frameworks/CoreGraphics.framework; sourceTree = SDKROOT; };
		847265F71640D1BB0067F683 /* Growing UITextView-Prefix.pch */ = {isa = PBXFileReference; fileEncoding = 4; lastKnownFileType = sourcecode.c.h; name = "Growing UITextView-Prefix.pch"; path = "Growing UITextView/Growing UITextView-Prefix.pch"; sourceTree = SOURCE_ROOT; };
		847265F81640D1BB0067F683 /* main.m */ = {isa = PBXFileReference; fileEncoding = 4; lastKnownFileType = sourcecode.c.objc; name = main.m; path = "Growing UITextView/main.m"; sourceTree = SOURCE_ROOT; };
		847265F91640D1BB0067F683 /* PHLGrowingTextView.h */ = {isa = PBXFileReference; fileEncoding = 4; lastKnownFileType = sourcecode.c.h; name = PHLGrowingTextView.h; path = "Growing UITextView/PHLGrowingTextView.h"; sourceTree = SOURCE_ROOT; };
		847265FA1640D1BB0067F683 /* PHLGrowingTextView.m */ = {isa = PBXFileReference; fileEncoding = 4; lastKnownFileType = sourcecode.c.objc; name = PHLGrowingTextView.m; path = "Growing UITextView/PHLGrowingTextView.m"; sourceTree = SOURCE_ROOT; };
		847265FB1640D1BB0067F683 /* ViewController.h */ = {isa = PBXFileReference; fileEncoding = 4; lastKnownFileType = sourcecode.c.h; name = ViewController.h; path = "Growing UITextView/ViewController.h"; sourceTree = SOURCE_ROOT; };
		847265FC1640D1BB0067F683 /* ViewController.m */ = {isa = PBXFileReference; fileEncoding = 4; lastKnownFileType = sourcecode.c.objc; name = ViewController.m; path = "Growing UITextView/ViewController.m"; sourceTree = SOURCE_ROOT; };
		847265FD1640D1BB0067F683 /* AppDelegate.h */ = {isa = PBXFileReference; fileEncoding = 4; lastKnownFileType = sourcecode.c.h; name = AppDelegate.h; path = "Growing UITextView/AppDelegate.h"; sourceTree = SOURCE_ROOT; };
		847265FE1640D1BB0067F683 /* AppDelegate.m */ = {isa = PBXFileReference; fileEncoding = 4; lastKnownFileType = sourcecode.c.objc; name = AppDelegate.m; path = "Growing UITextView/AppDelegate.m"; sourceTree = SOURCE_ROOT; };
		847265FF1640D1BB0067F683 /* textbox@2x.png */ = {isa = PBXFileReference; lastKnownFileType = image.png; name = "textbox@2x.png"; path = "Growing UITextView/textbox@2x.png"; sourceTree = SOURCE_ROOT; };
		847266001640D1BB0067F683 /* textbox.png */ = {isa = PBXFileReference; lastKnownFileType = image.png; name = textbox.png; path = "Growing UITextView/textbox.png"; sourceTree = SOURCE_ROOT; };
		847266011640D1BB0067F683 /* Default-568h@2x.png */ = {isa = PBXFileReference; lastKnownFileType = image.png; name = "Default-568h@2x.png"; path = "Growing UITextView/Default-568h@2x.png"; sourceTree = SOURCE_ROOT; };
		847266021640D1BB0067F683 /* Default.png */ = {isa = PBXFileReference; lastKnownFileType = image.png; name = Default.png; path = "Growing UITextView/Default.png"; sourceTree = SOURCE_ROOT; };
		847266031640D1BB0067F683 /* Default@2x.png */ = {isa = PBXFileReference; lastKnownFileType = image.png; name = "Default@2x.png"; path = "Growing UITextView/Default@2x.png"; sourceTree = SOURCE_ROOT; };
		8472660D1640D1E10067F683 /* Growing UITextView-Info.plist */ = {isa = PBXFileReference; fileEncoding = 4; lastKnownFileType = text.plist.xml; name = "Growing UITextView-Info.plist"; path = "Growing UITextView/Growing UITextView-Info.plist"; sourceTree = SOURCE_ROOT; };
		847266111640D36F0067F683 /* en */ = {isa = PBXFileReference; lastKnownFileType = text.plist.strings; name = en; path = InfoPlist.strings; sourceTree = "<group>"; };
		847266131640D36F0067F683 /* en */ = {isa = PBXFileReference; lastKnownFileType = file.xib; name = en; path = ViewController.xib; sourceTree = "<group>"; };
/* End PBXFileReference section */

/* Begin PBXFrameworksBuildPhase section */
		84702355163EC2E300D4B2AE /* Frameworks */ = {
			isa = PBXFrameworksBuildPhase;
			buildActionMask = 2147483647;
			files = (
				8470235D163EC2E400D4B2AE /* UIKit.framework in Frameworks */,
				8470235F163EC2E400D4B2AE /* Foundation.framework in Frameworks */,
				84702361163EC2E400D4B2AE /* CoreGraphics.framework in Frameworks */,
			);
			runOnlyForDeploymentPostprocessing = 0;
		};
/* End PBXFrameworksBuildPhase section */

/* Begin PBXGroup section */
		8470234D163EC2E300D4B2AE = {
			isa = PBXGroup;
			children = (
				84702362163EC2E400D4B2AE /* Growing UITextView */,
				8470235B163EC2E400D4B2AE /* Frameworks */,
				84702359163EC2E400D4B2AE /* Products */,
			);
			sourceTree = "<group>";
		};
		84702359163EC2E400D4B2AE /* Products */ = {
			isa = PBXGroup;
			children = (
				84702358163EC2E400D4B2AE /* Growing UITextView.app */,
			);
			name = Products;
			sourceTree = "<group>";
		};
		8470235B163EC2E400D4B2AE /* Frameworks */ = {
			isa = PBXGroup;
			children = (
				8470235C163EC2E400D4B2AE /* UIKit.framework */,
				8470235E163EC2E400D4B2AE /* Foundation.framework */,
				84702360163EC2E400D4B2AE /* CoreGraphics.framework */,
			);
			name = Frameworks;
			sourceTree = "<group>";
		};
		84702362163EC2E400D4B2AE /* Growing UITextView */ = {
			isa = PBXGroup;
			children = (
				847265F91640D1BB0067F683 /* PHLGrowingTextView.h */,
				847265FA1640D1BB0067F683 /* PHLGrowingTextView.m */,
				847265FB1640D1BB0067F683 /* ViewController.h */,
				847265FC1640D1BB0067F683 /* ViewController.m */,
				847265FD1640D1BB0067F683 /* AppDelegate.h */,
				847265FE1640D1BB0067F683 /* AppDelegate.m */,
				847265FF1640D1BB0067F683 /* textbox@2x.png */,
				847266001640D1BB0067F683 /* textbox.png */,
				84702363163EC2E400D4B2AE /* Supporting Files */,
			);
			name = "Growing UITextView";
			path = NAGrowingTextView;
			sourceTree = "<group>";
		};
		84702363163EC2E400D4B2AE /* Supporting Files */ = {
			isa = PBXGroup;
			children = (
				8472660F1640D36F0067F683 /* en.lproj */,
				8472660D1640D1E10067F683 /* Growing UITextView-Info.plist */,
				847266011640D1BB0067F683 /* Default-568h@2x.png */,
				847266021640D1BB0067F683 /* Default.png */,
				847266031640D1BB0067F683 /* Default@2x.png */,
				847265F71640D1BB0067F683 /* Growing UITextView-Prefix.pch */,
				847265F81640D1BB0067F683 /* main.m */,
			);
			name = "Supporting Files";
			sourceTree = "<group>";
		};
		8472660F1640D36F0067F683 /* en.lproj */ = {
			isa = PBXGroup;
			children = (
				847266101640D36F0067F683 /* InfoPlist.strings */,
				847266121640D36F0067F683 /* ViewController.xib */,
			);
			name = en.lproj;
			path = "Growing UITextView/en.lproj";
			sourceTree = SOURCE_ROOT;
		};
/* End PBXGroup section */

/* Begin PBXNativeTarget section */
		84702357163EC2E300D4B2AE /* Growing UITextView */ = {
			isa = PBXNativeTarget;
			buildConfigurationList = 8470237C163EC2E400D4B2AE /* Build configuration list for PBXNativeTarget "Growing UITextView" */;
			buildPhases = (
				84702354163EC2E300D4B2AE /* Sources */,
				84702355163EC2E300D4B2AE /* Frameworks */,
				84702356163EC2E300D4B2AE /* Resources */,
			);
			buildRules = (
			);
			dependencies = (
			);
			name = "Growing UITextView";
			productName = NAGrowingTextView;
			productReference = 84702358163EC2E400D4B2AE /* Growing UITextView.app */;
			productType = "com.apple.product-type.application";
		};
/* End PBXNativeTarget section */

/* Begin PBXProject section */
		8470234F163EC2E300D4B2AE /* Project object */ = {
			isa = PBXProject;
			attributes = {
				LastUpgradeCheck = 0450;
				ORGANIZATIONNAME = namanhams;
			};
			buildConfigurationList = 84702352163EC2E300D4B2AE /* Build configuration list for PBXProject "Growing UITextView" */;
			compatibilityVersion = "Xcode 3.2";
			developmentRegion = English;
			hasScannedForEncodings = 0;
			knownRegions = (
				en,
			);
			mainGroup = 8470234D163EC2E300D4B2AE;
			productRefGroup = 84702359163EC2E400D4B2AE /* Products */;
			projectDirPath = "";
			projectRoot = "";
			targets = (
				84702357163EC2E300D4B2AE /* Growing UITextView */,
			);
		};
/* End PBXProject section */

/* Begin PBXResourcesBuildPhase section */
		84702356163EC2E300D4B2AE /* Resources */ = {
			isa = PBXResourcesBuildPhase;
			buildActionMask = 2147483647;
			files = (
				847266081640D1BB0067F683 /* textbox@2x.png in Resources */,
				847266091640D1BB0067F683 /* textbox.png in Resources */,
				8472660A1640D1BB0067F683 /* Default-568h@2x.png in Resources */,
				8472660B1640D1BB0067F683 /* Default.png in Resources */,
				8472660C1640D1BB0067F683 /* Default@2x.png in Resources */,
				8472660E1640D1E10067F683 /* Growing UITextView-Info.plist in Resources */,
				847266141640D36F0067F683 /* InfoPlist.strings in Resources */,
				847266151640D36F0067F683 /* ViewController.xib in Resources */,
			);
			runOnlyForDeploymentPostprocessing = 0;
		};
/* End PBXResourcesBuildPhase section */

/* Begin PBXSourcesBuildPhase section */
		84702354163EC2E300D4B2AE /* Sources */ = {
			isa = PBXSourcesBuildPhase;
			buildActionMask = 2147483647;
			files = (
				847266041640D1BB0067F683 /* main.m in Sources */,
				847266051640D1BB0067F683 /* PHLGrowingTextView.m in Sources */,
				847266061640D1BB0067F683 /* ViewController.m in Sources */,
				847266071640D1BB0067F683 /* AppDelegate.m in Sources */,
			);
			runOnlyForDeploymentPostprocessing = 0;
		};
/* End PBXSourcesBuildPhase section */

/* Begin PBXVariantGroup section */
		847266101640D36F0067F683 /* InfoPlist.strings */ = {
			isa = PBXVariantGroup;
			children = (
				847266111640D36F0067F683 /* en */,
			);
			name = InfoPlist.strings;
			sourceTree = "<group>";
		};
		847266121640D36F0067F683 /* ViewController.xib */ = {
			isa = PBXVariantGroup;
			children = (
				847266131640D36F0067F683 /* en */,
			);
			name = ViewController.xib;
			sourceTree = "<group>";
		};
/* End PBXVariantGroup section */

/* Begin XCBuildConfiguration section */
		8470237A163EC2E400D4B2AE /* Debug */ = {
			isa = XCBuildConfiguration;
			buildSettings = {
				ALWAYS_SEARCH_USER_PATHS = NO;
				CLANG_CXX_LANGUAGE_STANDARD = "gnu++0x";
				CLANG_CXX_LIBRARY = "libc++";
				CLANG_ENABLE_OBJC_ARC = YES;
				CLANG_WARN_EMPTY_BODY = YES;
				CLANG_WARN__DUPLICATE_METHOD_MATCH = YES;
				"CODE_SIGN_IDENTITY[sdk=iphoneos*]" = "iPhone Developer";
				COPY_PHASE_STRIP = NO;
				GCC_C_LANGUAGE_STANDARD = gnu99;
				GCC_DYNAMIC_NO_PIC = NO;
				GCC_OPTIMIZATION_LEVEL = 0;
				GCC_PREPROCESSOR_DEFINITIONS = (
					"DEBUG=1",
					"$(inherited)",
				);
				GCC_SYMBOLS_PRIVATE_EXTERN = NO;
				GCC_WARN_ABOUT_RETURN_TYPE = YES;
				GCC_WARN_UNINITIALIZED_AUTOS = YES;
				GCC_WARN_UNUSED_VARIABLE = YES;
				IPHONEOS_DEPLOYMENT_TARGET = 6.0;
				ONLY_ACTIVE_ARCH = YES;
				SDKROOT = iphoneos;
			};
			name = Debug;
		};
		8470237B163EC2E400D4B2AE /* Release */ = {
			isa = XCBuildConfiguration;
			buildSettings = {
				ALWAYS_SEARCH_USER_PATHS = NO;
				CLANG_CXX_LANGUAGE_STANDARD = "gnu++0x";
				CLANG_CXX_LIBRARY = "libc++";
				CLANG_ENABLE_OBJC_ARC = YES;
				CLANG_WARN_EMPTY_BODY = YES;
				CLANG_WARN__DUPLICATE_METHOD_MATCH = YES;
				"CODE_SIGN_IDENTITY[sdk=iphoneos*]" = "iPhone Developer";
				COPY_PHASE_STRIP = YES;
				GCC_C_LANGUAGE_STANDARD = gnu99;
				GCC_WARN_ABOUT_RETURN_TYPE = YES;
				GCC_WARN_UNINITIALIZED_AUTOS = YES;
				GCC_WARN_UNUSED_VARIABLE = YES;
				IPHONEOS_DEPLOYMENT_TARGET = 6.0;
				OTHER_CFLAGS = "-DNS_BLOCK_ASSERTIONS=1";
				SDKROOT = iphoneos;
				VALIDATE_PRODUCT = YES;
			};
			name = Release;
		};
		8470237D163EC2E400D4B2AE /* Debug */ = {
			isa = XCBuildConfiguration;
			buildSettings = {
				GCC_PRECOMPILE_PREFIX_HEADER = YES;
				GCC_PREFIX_HEADER = "Growing UITextView/Growing UITextView-Prefix.pch";
				INFOPLIST_FILE = "$(SRCROOT)/Growing UITextView/Growing UITextView-Info.plist";
				PRODUCT_NAME = "Growing UITextView";
				WRAPPER_EXTENSION = app;
			};
			name = Debug;
		};
		8470237E163EC2E400D4B2AE /* Release */ = {
			isa = XCBuildConfiguration;
			buildSettings = {
				GCC_PRECOMPILE_PREFIX_HEADER = YES;
				GCC_PREFIX_HEADER = "Growing UITextView/Growing UITextView-Prefix.pch";
				INFOPLIST_FILE = "$(SRCROOT)/Growing UITextView/Growing UITextView-Info.plist";
				PRODUCT_NAME = "Growing UITextView";
				WRAPPER_EXTENSION = app;
			};
			name = Release;
		};
/* End XCBuildConfiguration section */

/* Begin XCConfigurationList section */
		84702352163EC2E300D4B2AE /* Build configuration list for PBXProject "Growing UITextView" */ = {
			isa = XCConfigurationList;
			buildConfigurations = (
				8470237A163EC2E400D4B2AE /* Debug */,
				8470237B163EC2E400D4B2AE /* Release */,
			);
			defaultConfigurationIsVisible = 0;
			defaultConfigurationName = Release;
		};
		8470237C163EC2E400D4B2AE /* Build configuration list for PBXNativeTarget "Growing UITextView" */ = {
			isa = XCConfigurationList;
			buildConfigurations = (
				8470237D163EC2E400D4B2AE /* Debug */,
				8470237E163EC2E400D4B2AE /* Release */,
			);
			defaultConfigurationIsVisible = 0;
			defaultConfigurationName = Release;
		};
/* End XCConfigurationList section */
	};
	rootObject = 8470234F163EC2E300D4B2AE /* Project object */;
}
